
Microsoft Visual Studio Solution File, Format Version 12.00
# Visual Studio 15
VisualStudioVersion = 15.0.27703.2000
MinimumVisualStudioVersion = 10.0.40219.1
Project("{2150E333-8FDC-42A3-9474-1A3956D46DE8}") = "Samples", "Samples", "{8ABF7A8D-6F7C-4B18-975A-88A5145D5215}"
EndProject
Project("{9A19103F-16F7-4668-BE54-9A1E7A4F7556}") = "EchoBot", "EchoBot\EchoBot.csproj", "{34B1F236-03CD-4ABF-B8B9-D22F1D7E17A0}"
EndProject
Project("{9A19103F-16F7-4668-BE54-9A1E7A4F7556}") = "Messenger.Platform", "Messenger.Platform\Messenger.Platform.csproj", "{B187D913-7EB7-40A0-8706-7A75802B1F7E}"
EndProject
Project("{9A19103F-16F7-4668-BE54-9A1E7A4F7556}") = "Messenger.Tests", "Messenger.Tests\Messenger.Tests.csproj", "{902B5117-1874-47DB-998B-91DE954F4DB9}"
EndProject
Project("{2150E333-8FDC-42A3-9474-1A3956D46DE8}") = "Solution Items", "Solution Items", "{6EDF3E5C-C015-4785-B448-D3B25BBFF4D1}"
	ProjectSection(SolutionItems) = preProject
		README.md = README.md
	EndProjectSection
EndProject
Global
	GlobalSection(SolutionConfigurationPlatforms) = preSolution
		Debug|Any CPU = Debug|Any CPU
		Release|Any CPU = Release|Any CPU
	EndGlobalSection
	GlobalSection(ProjectConfigurationPlatforms) = postSolution
		{34B1F236-03CD-4ABF-B8B9-D22F1D7E17A0}.Debug|Any CPU.ActiveCfg = Debug|Any CPU
		{34B1F236-03CD-4ABF-B8B9-D22F1D7E17A0}.Debug|Any CPU.Build.0 = Debug|Any CPU
		{34B1F236-03CD-4ABF-B8B9-D22F1D7E17A0}.Release|Any CPU.ActiveCfg = Release|Any CPU
		{34B1F236-03CD-4ABF-B8B9-D22F1D7E17A0}.Release|Any CPU.Build.0 = Release|Any CPU
		{B187D913-7EB7-40A0-8706-7A75802B1F7E}.Debug|Any CPU.ActiveCfg = Debug|Any CPU
		{B187D913-7EB7-40A0-8706-7A75802B1F7E}.Debug|Any CPU.Build.0 = Debug|Any CPU
		{B187D913-7EB7-40A0-8706-7A75802B1F7E}.Release|Any CPU.ActiveCfg = Release|Any CPU
		{B187D913-7EB7-40A0-8706-7A75802B1F7E}.Release|Any CPU.Build.0 = Release|Any CPU
		{902B5117-1874-47DB-998B-91DE954F4DB9}.Debug|Any CPU.ActiveCfg = Debug|Any CPU
		{902B5117-1874-47DB-998B-91DE954F4DB9}.Debug|Any CPU.Build.0 = Debug|Any CPU
		{902B5117-1874-47DB-998B-91DE954F4DB9}.Release|Any CPU.ActiveCfg = Release|Any CPU
		{902B5117-1874-47DB-998B-91DE954F4DB9}.Release|Any CPU.Build.0 = Release|Any CPU
	EndGlobalSection
	GlobalSection(SolutionProperties) = preSolution
		HideSolutionNode = FALSE
	EndGlobalSection
	GlobalSection(NestedProjects) = preSolution
		{34B1F236-03CD-4ABF-B8B9-D22F1D7E17A0} = {8ABF7A8D-6F7C-4B18-975A-88A5145D5215}
	EndGlobalSection
	GlobalSection(ExtensibilityGlobals) = postSolution
		SolutionGuid = {82E27EDB-51BC-4BC5-B242-45AAA0356BB8}
	EndGlobalSection
EndGlobal
