
Microsoft Visual Studio Solution File, Format Version 12.00
# Visual Studio 15
VisualStudioVersion = 15.0.27703.2000
MinimumVisualStudioVersion = 10.0.40219.1
Project("{9A19103F-16F7-4668-BE54-9A1E7A4F7556}") = "Facebook.Messaging", "Facebook.Messaging\Facebook.Messaging.csproj", "{85750C38-F95C-443C-AA65-705C286DC9D4}"
EndProject
Project("{9A19103F-16F7-4668-BE54-9A1E7A4F7556}") = "Facebook.Tests", "Facebook.Tests\Facebook.Tests.csproj", "{7A8183BB-41D7-4152-9425-A721225FB5C0}"
EndProject
Project("{9A19103F-16F7-4668-BE54-9A1E7A4F7556}") = "Facebook.Webhook", "Facebook.Webhook\Facebook.Webhook.csproj", "{53F995C1-EAFA-4D6A-B5E5-2D5C4F55AC67}"
EndProject
Project("{9A19103F-16F7-4668-BE54-9A1E7A4F7556}") = "Facebook.Bot", "Facebook.Bot\Facebook.Bot.csproj", "{09E5AFB1-1422-43E7-B819-860D095553B9}"
EndProject
Project("{9A19103F-16F7-4668-BE54-9A1E7A4F7556}") = "Facebook.Core", "Facebook.Core\Facebook.Core.csproj", "{AB04FB70-3195-427D-AF70-C9A4AA6AED93}"
EndProject
Project("{2150E333-8FDC-42A3-9474-1A3956D46DE8}") = "Samples", "Samples", "{8ABF7A8D-6F7C-4B18-975A-88A5145D5215}"
EndProject
Project("{9A19103F-16F7-4668-BE54-9A1E7A4F7556}") = "EchoBot", "EchoBot\EchoBot.csproj", "{34B1F236-03CD-4ABF-B8B9-D22F1D7E17A0}"
EndProject
Project("{FAE04EC0-301F-11D3-BF4B-00C04F79EFBC}") = "Messenger.Platform", "Messenger.Platform\Messenger.Platform.csproj", "{B187D913-7EB7-40A0-8706-7A75802B1F7E}"
EndProject
Project("{FAE04EC0-301F-11D3-BF4B-00C04F79EFBC}") = "Messenger.Tests", "Messenger.Tests\Messenger.Tests.csproj", "{902B5117-1874-47DB-998B-91DE954F4DB9}"
EndProject
Global
	GlobalSection(SolutionConfigurationPlatforms) = preSolution
		Debug|Any CPU = Debug|Any CPU
		Release|Any CPU = Release|Any CPU
	EndGlobalSection
	GlobalSection(ProjectConfigurationPlatforms) = postSolution
		{85750C38-F95C-443C-AA65-705C286DC9D4}.Debug|Any CPU.ActiveCfg = Debug|Any CPU
		{85750C38-F95C-443C-AA65-705C286DC9D4}.Debug|Any CPU.Build.0 = Debug|Any CPU
		{85750C38-F95C-443C-AA65-705C286DC9D4}.Release|Any CPU.ActiveCfg = Release|Any CPU
		{85750C38-F95C-443C-AA65-705C286DC9D4}.Release|Any CPU.Build.0 = Release|Any CPU
		{7A8183BB-41D7-4152-9425-A721225FB5C0}.Debug|Any CPU.ActiveCfg = Debug|Any CPU
		{7A8183BB-41D7-4152-9425-A721225FB5C0}.Debug|Any CPU.Build.0 = Debug|Any CPU
		{7A8183BB-41D7-4152-9425-A721225FB5C0}.Release|Any CPU.ActiveCfg = Release|Any CPU
		{7A8183BB-41D7-4152-9425-A721225FB5C0}.Release|Any CPU.Build.0 = Release|Any CPU
		{53F995C1-EAFA-4D6A-B5E5-2D5C4F55AC67}.Debug|Any CPU.ActiveCfg = Debug|Any CPU
		{53F995C1-EAFA-4D6A-B5E5-2D5C4F55AC67}.Debug|Any CPU.Build.0 = Debug|Any CPU
		{53F995C1-EAFA-4D6A-B5E5-2D5C4F55AC67}.Release|Any CPU.ActiveCfg = Release|Any CPU
		{53F995C1-EAFA-4D6A-B5E5-2D5C4F55AC67}.Release|Any CPU.Build.0 = Release|Any CPU
		{09E5AFB1-1422-43E7-B819-860D095553B9}.Debug|Any CPU.ActiveCfg = Debug|Any CPU
		{09E5AFB1-1422-43E7-B819-860D095553B9}.Debug|Any CPU.Build.0 = Debug|Any CPU
		{09E5AFB1-1422-43E7-B819-860D095553B9}.Release|Any CPU.ActiveCfg = Release|Any CPU
		{09E5AFB1-1422-43E7-B819-860D095553B9}.Release|Any CPU.Build.0 = Release|Any CPU
		{AB04FB70-3195-427D-AF70-C9A4AA6AED93}.Debug|Any CPU.ActiveCfg = Debug|Any CPU
		{AB04FB70-3195-427D-AF70-C9A4AA6AED93}.Debug|Any CPU.Build.0 = Debug|Any CPU
		{AB04FB70-3195-427D-AF70-C9A4AA6AED93}.Release|Any CPU.ActiveCfg = Release|Any CPU
		{AB04FB70-3195-427D-AF70-C9A4AA6AED93}.Release|Any CPU.Build.0 = Release|Any CPU
		{34B1F236-03CD-4ABF-B8B9-D22F1D7E17A0}.Debug|Any CPU.ActiveCfg = Debug|Any CPU
		{34B1F236-03CD-4ABF-B8B9-D22F1D7E17A0}.Debug|Any CPU.Build.0 = Debug|Any CPU
		{34B1F236-03CD-4ABF-B8B9-D22F1D7E17A0}.Release|Any CPU.ActiveCfg = Release|Any CPU
		{34B1F236-03CD-4ABF-B8B9-D22F1D7E17A0}.Release|Any CPU.Build.0 = Release|Any CPU
		{B187D913-7EB7-40A0-8706-7A75802B1F7E}.Debug|Any CPU.ActiveCfg = Debug|Any CPU
		{B187D913-7EB7-40A0-8706-7A75802B1F7E}.Debug|Any CPU.Build.0 = Debug|Any CPU
		{B187D913-7EB7-40A0-8706-7A75802B1F7E}.Release|Any CPU.ActiveCfg = Release|Any CPU
		{B187D913-7EB7-40A0-8706-7A75802B1F7E}.Release|Any CPU.Build.0 = Release|Any CPU
		{902B5117-1874-47DB-998B-91DE954F4DB9}.Debug|Any CPU.ActiveCfg = Debug|Any CPU
		{902B5117-1874-47DB-998B-91DE954F4DB9}.Debug|Any CPU.Build.0 = Debug|Any CPU
		{902B5117-1874-47DB-998B-91DE954F4DB9}.Release|Any CPU.ActiveCfg = Release|Any CPU
		{902B5117-1874-47DB-998B-91DE954F4DB9}.Release|Any CPU.Build.0 = Release|Any CPU
	EndGlobalSection
	GlobalSection(SolutionProperties) = preSolution
		HideSolutionNode = FALSE
	EndGlobalSection
	GlobalSection(NestedProjects) = preSolution
		{34B1F236-03CD-4ABF-B8B9-D22F1D7E17A0} = {8ABF7A8D-6F7C-4B18-975A-88A5145D5215}
	EndGlobalSection
	GlobalSection(ExtensibilityGlobals) = postSolution
		SolutionGuid = {82E27EDB-51BC-4BC5-B242-45AAA0356BB8}
	EndGlobalSection
EndGlobal
